
Microsoft Visual Studio Solution File, Format Version 12.00
# Visual Studio Version 17
VisualStudioVersion = 17.11.35303.130
MinimumVisualStudioVersion = 10.0.40219.1
Project("{FAE04EC0-301F-11D3-BF4B-00C04F79EFBC}") = "CinemaApp.Web", "CinemaApp.Web\CinemaApp.Web.csproj", "{C5D03817-0D4C-41BE-A229-9794ADFD4183}"
EndProject
Global
	GlobalSection(SolutionConfigurationPlatforms) = preSolution
		Debug|Any CPU = Debug|Any CPU
		Release|Any CPU = Release|Any CPU
	EndGlobalSection
	GlobalSection(ProjectConfigurationPlatforms) = postSolution
		{C5D03817-0D4C-41BE-A229-9794ADFD4183}.Debug|Any CPU.ActiveCfg = Debug|Any CPU
		{C5D03817-0D4C-41BE-A229-9794ADFD4183}.Debug|Any CPU.Build.0 = Debug|Any CPU
		{C5D03817-0D4C-41BE-A229-9794ADFD4183}.Release|Any CPU.ActiveCfg = Release|Any CPU
		{C5D03817-0D4C-41BE-A229-9794ADFD4183}.Release|Any CPU.Build.0 = Release|Any CPU
	EndGlobalSection
	GlobalSection(SolutionProperties) = preSolution
		HideSolutionNode = FALSE
	EndGlobalSection
	GlobalSection(ExtensibilityGlobals) = postSolution
		SolutionGuid = {D1BAEB67-99D7-4354-AC62-2FD98D238FCF}
	EndGlobalSection
EndGlobal
